
Microsoft Visual Studio Solution File, Format Version 12.00
# Visual Studio Version 16
VisualStudioVersion = 16.0.31515.178
MinimumVisualStudioVersion = 10.0.40219.1
Project("{FAE04EC0-301F-11D3-BF4B-00C04F79EFBC}") = "BazarAPI", "BazarAPI\BazarAPI.csproj", "{FCF57783-15E2-4E29-B002-CAFC209900A6}"
EndProject
Global
	GlobalSection(SolutionConfigurationPlatforms) = preSolution
		Debug|Any CPU = Debug|Any CPU
		Release|Any CPU = Release|Any CPU
	EndGlobalSection
	GlobalSection(ProjectConfigurationPlatforms) = postSolution
		{FCF57783-15E2-4E29-B002-CAFC209900A6}.Debug|Any CPU.ActiveCfg = Debug|Any CPU
		{FCF57783-15E2-4E29-B002-CAFC209900A6}.Debug|Any CPU.Build.0 = Debug|Any CPU
		{FCF57783-15E2-4E29-B002-CAFC209900A6}.Release|Any CPU.ActiveCfg = Release|Any CPU
		{FCF57783-15E2-4E29-B002-CAFC209900A6}.Release|Any CPU.Build.0 = Release|Any CPU
	EndGlobalSection
	GlobalSection(SolutionProperties) = preSolution
		HideSolutionNode = FALSE
	EndGlobalSection
	GlobalSection(ExtensibilityGlobals) = postSolution
		SolutionGuid = {C5496161-8C9D-47D8-A3A2-BE1BE2C38F12}
	EndGlobalSection
EndGlobal
